// !$*UTF8*$!
{
	archiveVersion = 1;
	classes = {
	};
	objectVersion = 60;
	objects = {

/* Begin PBXBuildFile section */
		02D5F7507CF5F669D596B4F1 /* LobbyView.swift in Sources */ = {isa = PBXBuildFile; fileRef = E9C2F894657B63C2944A0730 /* LobbyView.swift */; };
		068B2EFF9E590FD9EA9F6F26 /* AppConfig.swift in Sources */ = {isa = PBXBuildFile; fileRef = 844AD5AB91E5E82C545D681B /* AppConfig.swift */; };
		0B598706CA114D5EC77B9B93 /* AIDungeonMasterApp.swift in Sources */ = {isa = PBXBuildFile; fileRef = E90C4143023E296A42FE3740 /* AIDungeonMasterApp.swift */; };
		0EB4AF03FB841423DEFAB222 /* APIService.swift in Sources */ = {isa = PBXBuildFile; fileRef = 8ACBFEE1EE280DD9512714A7 /* APIService.swift */; };
		TTS0000001111222233334444 /* TTSService.swift in Sources */ = {isa = PBXBuildFile; fileRef = TTS5555666677778888AAAA00 /* TTSService.swift */; };
		AA001111BBCC2222DDEE3333 /* WaitingRoomView.swift in Sources */ = {isa = PBXBuildFile; fileRef = AA001111BBCC2222DDEE4444 /* WaitingRoomView.swift */; };
		AA001111BBCC2222DDEE5555 /* WaitingRoomViewModel.swift in Sources */ = {isa = PBXBuildFile; fileRef = AA001111BBCC2222DDEE6666 /* WaitingRoomViewModel.swift */; };
		14C0E96CB536EAC92191A5FD /* LoginView.swift in Sources */ = {isa = PBXBuildFile; fileRef = 514E77335343A8C82F8C7A3A /* LoginView.swift */; };
		1D5D9F6A0D934A67173876C4 /* RoomView.swift in Sources */ = {isa = PBXBuildFile; fileRef = F22ECD36D436FC87E8E00B7F /* RoomView.swift */; };
		2047DEB69E49EFF93F6881F1 /* ExploreView.swift in Sources */ = {isa = PBXBuildFile; fileRef = 84341F3910887D31D3545026 /* ExploreView.swift */; };
		224449C26D158DE24DCCFB84 /* SettingsView.swift in Sources */ = {isa = PBXBuildFile; fileRef = 6CE2DCD90693C25ED42C70AF /* SettingsView.swift */; };
		2BC398F3A5BEFA55FE98F273 /* MainTabView.swift in Sources */ = {isa = PBXBuildFile; fileRef = 1BA230DCF4A724E617FA22D2 /* MainTabView.swift */; };
		322AF4AC42BDD250DD1CFB05 /* CustomTabBar.swift in Sources */ = {isa = PBXBuildFile; fileRef = E7668115577775D8E2BD8C30 /* CustomTabBar.swift */; };
		47014C6433DF9D0F1DF4F4FC /* LobbyViewModel.swift in Sources */ = {isa = PBXBuildFile; fileRef = FD785254FC2E01C9B6ED052B /* LobbyViewModel.swift */; };
		4FAE2A6DBC2A0D7DDF9875A4 /* HomeView.swift in Sources */ = {isa = PBXBuildFile; fileRef = DD78F34F6E261FFC04576611 /* HomeView.swift */; };
		817CDEDFEF2C9B022083A462 /* ProfileView.swift in Sources */ = {isa = PBXBuildFile; fileRef = A51CC63D49215DC06630971D /* ProfileView.swift */; };
		884949D8CBC6BD0E1B23E344 /* ActivityView.swift in Sources */ = {isa = PBXBuildFile; fileRef = 4E6ABDFAF0D7F92A9FF55670 /* ActivityView.swift */; };
		9392A338EA3C9A0101F8B1C2 /* HomeViewModel.swift in Sources */ = {isa = PBXBuildFile; fileRef = D1918D539CA82CB1E6EDE6A0 /* HomeViewModel.swift */; };
		9DB543C4638A315A075B5722 /* RoomViewModel.swift in Sources */ = {isa = PBXBuildFile; fileRef = BB2003BD2BDA4FEA224971C1 /* RoomViewModel.swift */; };
		9F7F8EB7F6C89AE1A1B28311 /* AuthViewModel.swift in Sources */ = {isa = PBXBuildFile; fileRef = E223BB029F1443380017EB00 /* AuthViewModel.swift */; };
		A7870D5B4F9656605C01E5DE /* GameCardView.swift in Sources */ = {isa = PBXBuildFile; fileRef = C9BA426125F9F89F09BC7277 /* GameCardView.swift */; };
		C28E9237FD44E4D1F7ADEA2F /* SavedView.swift in Sources */ = {isa = PBXBuildFile; fileRef = 7C24EED907ACE0027BFEB2D4 /* SavedView.swift */; };
		C34DACE679066B27C97ADE87 /* WebSocketService.swift in Sources */ = {isa = PBXBuildFile; fileRef = 7CB73DFAC10DD2316D8CD4F4 /* WebSocketService.swift */; };
		C7EA29A550B8720F53D48D37 /* Models.swift in Sources */ = {isa = PBXBuildFile; fileRef = 8DAF22F552A5EA941F38A4F7 /* Models.swift */; };
		D1AF50602A41E22E037C39A7 /* ProfileViewModel.swift in Sources */ = {isa = PBXBuildFile; fileRef = E6D027DBD9760568902105F5 /* ProfileViewModel.swift */; };
		D902013D34F77A645916F5CB /* TabBarVisibility.swift in Sources */ = {isa = PBXBuildFile; fileRef = A511820F6CF30D5B3CE39250 /* TabBarVisibility.swift */; };
		DFA434F2B7385A5CD07845D4 /* KeychainService.swift in Sources */ = {isa = PBXBuildFile; fileRef = CAE4F423C234AD3DCFD6F557 /* KeychainService.swift */; };
		E65EBF26E58D58A14E43D3D7 /* ContentView.swift in Sources */ = {isa = PBXBuildFile; fileRef = D08F8D97B5383F75603C92C9 /* ContentView.swift */; };
/* End PBXBuildFile section */

/* Begin PBXFileReference section */
		1BA230DCF4A724E617FA22D2 /* MainTabView.swift */ = {isa = PBXFileReference; lastKnownFileType = sourcecode.swift; path = MainTabView.swift; sourceTree = "<group>"; };
		4E6ABDFAF0D7F92A9FF55670 /* ActivityView.swift */ = {isa = PBXFileReference; lastKnownFileType = sourcecode.swift; path = ActivityView.swift; sourceTree = "<group>"; };
		514E77335343A8C82F8C7A3A /* LoginView.swift */ = {isa = PBXFileReference; lastKnownFileType = sourcecode.swift; path = LoginView.swift; sourceTree = "<group>"; };
		5EF4AEA454F5B14AAF366EC0 /* AIDungeonMaster.app */ = {isa = PBXFileReference; includeInIndex = 0; lastKnownFileType = wrapper.application; path = AIDungeonMaster.app; sourceTree = BUILT_PRODUCTS_DIR; };
		6CE2DCD90693C25ED42C70AF /* SettingsView.swift */ = {isa = PBXFileReference; lastKnownFileType = sourcecode.swift; path = SettingsView.swift; sourceTree = "<group>"; };
		7C24EED907ACE0027BFEB2D4 /* SavedView.swift */ = {isa = PBXFileReference; lastKnownFileType = sourcecode.swift; path = SavedView.swift; sourceTree = "<group>"; };
		7CB73DFAC10DD2316D8CD4F4 /* WebSocketService.swift */ = {isa = PBXFileReference; lastKnownFileType = sourcecode.swift; path = WebSocketService.swift; sourceTree = "<group>"; };
		84341F3910887D31D3545026 /* ExploreView.swift */ = {isa = PBXFileReference; lastKnownFileType = sourcecode.swift; path = ExploreView.swift; sourceTree = "<group>"; };
		844AD5AB91E5E82C545D681B /* AppConfig.swift */ = {isa = PBXFileReference; lastKnownFileType = sourcecode.swift; path = AppConfig.swift; sourceTree = "<group>"; };
		8ACBFEE1EE280DD9512714A7 /* APIService.swift */ = {isa = PBXFileReference; lastKnownFileType = sourcecode.swift; path = APIService.swift; sourceTree = "<group>"; };
		TTS5555666677778888AAAA00 /* TTSService.swift */ = {isa = PBXFileReference; lastKnownFileType = sourcecode.swift; path = TTSService.swift; sourceTree = "<group>"; };
		8DAF22F552A5EA941F38A4F7 /* Models.swift */ = {isa = PBXFileReference; lastKnownFileType = sourcecode.swift; path = Models.swift; sourceTree = "<group>"; };
		AA001111BBCC2222DDEE4444 /* WaitingRoomView.swift */ = {isa = PBXFileReference; lastKnownFileType = sourcecode.swift; path = WaitingRoomView.swift; sourceTree = "<group>"; };
		AA001111BBCC2222DDEE6666 /* WaitingRoomViewModel.swift */ = {isa = PBXFileReference; lastKnownFileType = sourcecode.swift; path = WaitingRoomViewModel.swift; sourceTree = "<group>"; };
		A4822956564BB0D09CBB9E92 /* Info.plist */ = {isa = PBXFileReference; lastKnownFileType = text.plist; path = Info.plist; sourceTree = "<group>"; };
		A511820F6CF30D5B3CE39250 /* TabBarVisibility.swift */ = {isa = PBXFileReference; lastKnownFileType = sourcecode.swift; path = TabBarVisibility.swift; sourceTree = "<group>"; };
		A51CC63D49215DC06630971D /* ProfileView.swift */ = {isa = PBXFileReference; lastKnownFileType = sourcecode.swift; path = ProfileView.swift; sourceTree = "<group>"; };
		A93D27DA985B7E8988FA48AB /* AIDungeonMaster.entitlements */ = {isa = PBXFileReference; lastKnownFileType = text.plist.entitlements; path = AIDungeonMaster.entitlements; sourceTree = "<group>"; };
		BB2003BD2BDA4FEA224971C1 /* RoomViewModel.swift */ = {isa = PBXFileReference; lastKnownFileType = sourcecode.swift; path = RoomViewModel.swift; sourceTree = "<group>"; };
		C9BA426125F9F89F09BC7277 /* GameCardView.swift */ = {isa = PBXFileReference; lastKnownFileType = sourcecode.swift; path = GameCardView.swift; sourceTree = "<group>"; };
		CAE4F423C234AD3DCFD6F557 /* KeychainService.swift */ = {isa = PBXFileReference; lastKnownFileType = sourcecode.swift; path = KeychainService.swift; sourceTree = "<group>"; };
		D08F8D97B5383F75603C92C9 /* ContentView.swift */ = {isa = PBXFileReference; lastKnownFileType = sourcecode.swift; path = ContentView.swift; sourceTree = "<group>"; };
		D1918D539CA82CB1E6EDE6A0 /* HomeViewModel.swift */ = {isa = PBXFileReference; lastKnownFileType = sourcecode.swift; path = HomeViewModel.swift; sourceTree = "<group>"; };
		DD78F34F6E261FFC04576611 /* HomeView.swift */ = {isa = PBXFileReference; lastKnownFileType = sourcecode.swift; path = HomeView.swift; sourceTree = "<group>"; };
		E223BB029F1443380017EB00 /* AuthViewModel.swift */ = {isa = PBXFileReference; lastKnownFileType = sourcecode.swift; path = AuthViewModel.swift; sourceTree = "<group>"; };
		E6D027DBD9760568902105F5 /* ProfileViewModel.swift */ = {isa = PBXFileReference; lastKnownFileType = sourcecode.swift; path = ProfileViewModel.swift; sourceTree = "<group>"; };
		E7668115577775D8E2BD8C30 /* CustomTabBar.swift */ = {isa = PBXFileReference; lastKnownFileType = sourcecode.swift; path = CustomTabBar.swift; sourceTree = "<group>"; };
		E90C4143023E296A42FE3740 /* AIDungeonMasterApp.swift */ = {isa = PBXFileReference; lastKnownFileType = sourcecode.swift; path = AIDungeonMasterApp.swift; sourceTree = "<group>"; };
		E9C2F894657B63C2944A0730 /* LobbyView.swift */ = {isa = PBXFileReference; lastKnownFileType = sourcecode.swift; path = LobbyView.swift; sourceTree = "<group>"; };
		F22ECD36D436FC87E8E00B7F /* RoomView.swift */ = {isa = PBXFileReference; lastKnownFileType = sourcecode.swift; path = RoomView.swift; sourceTree = "<group>"; };
		FD785254FC2E01C9B6ED052B /* LobbyViewModel.swift */ = {isa = PBXFileReference; lastKnownFileType = sourcecode.swift; path = LobbyViewModel.swift; sourceTree = "<group>"; };
/* End PBXFileReference section */

/* Begin PBXGroup section */
		01C1E0E7D9645AEEC1831F0E /* App */ = {
			isa = PBXGroup;
			children = (
				E90C4143023E296A42FE3740 /* AIDungeonMasterApp.swift */,
				D08F8D97B5383F75603C92C9 /* ContentView.swift */,
				E7668115577775D8E2BD8C30 /* CustomTabBar.swift */,
				1BA230DCF4A724E617FA22D2 /* MainTabView.swift */,
				A511820F6CF30D5B3CE39250 /* TabBarVisibility.swift */,
			);
			path = App;
			sourceTree = "<group>";
		};
		0923ED983634CC28E8F431C7 /* Lobby */ = {
			isa = PBXGroup;
			children = (
				C9BA426125F9F89F09BC7277 /* GameCardView.swift */,
				E9C2F894657B63C2944A0730 /* LobbyView.swift */,
				FD785254FC2E01C9B6ED052B /* LobbyViewModel.swift */,
				AA001111BBCC2222DDEE4444 /* WaitingRoomView.swift */,
				AA001111BBCC2222DDEE6666 /* WaitingRoomViewModel.swift */,
			);
			path = Lobby;
			sourceTree = "<group>";
		};
		0D1663E8188D929353FD8899 /* Settings */ = {
			isa = PBXGroup;
			children = (
				6CE2DCD90693C25ED42C70AF /* SettingsView.swift */,
			);
			path = Settings;
			sourceTree = "<group>";
		};
		11E9C89C246D8E604237AA3E /* Profile */ = {
			isa = PBXGroup;
			children = (
				A51CC63D49215DC06630971D /* ProfileView.swift */,
				E6D027DBD9760568902105F5 /* ProfileViewModel.swift */,
			);
			path = Profile;
			sourceTree = "<group>";
		};
		18D7AE0ABC95A369A155987A /* AIDungeonMaster */ = {
			isa = PBXGroup;
			children = (
				A93D27DA985B7E8988FA48AB /* AIDungeonMaster.entitlements */,
				A4822956564BB0D09CBB9E92 /* Info.plist */,
				4FCE8AEE4D432B2D806ADEA2 /* Activity */,
				01C1E0E7D9645AEEC1831F0E /* App */,
				3DC456F994730C1E570A6F18 /* Auth */,
				6AE16501C2CF07B97AF4A405 /* Config */,
				6A04FE4B37BACCBB8440D9B6 /* Explore */,
				9C4E035750E173CD592205A8 /* Home */,
				0923ED983634CC28E8F431C7 /* Lobby */,
				CF06A053FAF5EA4602F369CF /* Models */,
				11E9C89C246D8E604237AA3E /* Profile */,
				812BC6A95E0AC42CFA24E2D0 /* Room */,
				4FCB3BA531F84080178A5632 /* Saved */,
				8033C3CAFD3F5EB1D7E84449 /* Services */,
				0D1663E8188D929353FD8899 /* Settings */,
			);
			path = AIDungeonMaster;
			sourceTree = "<group>";
		};
		2A2891C7EE83EEA77DE88C80 /* Products */ = {
			isa = PBXGroup;
			children = (
				5EF4AEA454F5B14AAF366EC0 /* AIDungeonMaster.app */,
			);
			name = Products;
			sourceTree = "<group>";
		};
		3DC456F994730C1E570A6F18 /* Auth */ = {
			isa = PBXGroup;
			children = (
				E223BB029F1443380017EB00 /* AuthViewModel.swift */,
				514E77335343A8C82F8C7A3A /* LoginView.swift */,
			);
			path = Auth;
			sourceTree = "<group>";
		};
		4FCB3BA531F84080178A5632 /* Saved */ = {
			isa = PBXGroup;
			children = (
				7C24EED907ACE0027BFEB2D4 /* SavedView.swift */,
			);
			path = Saved;
			sourceTree = "<group>";
		};
		4FCE8AEE4D432B2D806ADEA2 /* Activity */ = {
			isa = PBXGroup;
			children = (
				4E6ABDFAF0D7F92A9FF55670 /* ActivityView.swift */,
			);
			path = Activity;
			sourceTree = "<group>";
		};
		66ED63BFE6AEADAF992E9C56 = {
			isa = PBXGroup;
			children = (
				18D7AE0ABC95A369A155987A /* AIDungeonMaster */,
				2A2891C7EE83EEA77DE88C80 /* Products */,
			);
			sourceTree = "<group>";
		};
		6A04FE4B37BACCBB8440D9B6 /* Explore */ = {
			isa = PBXGroup;
			children = (
				84341F3910887D31D3545026 /* ExploreView.swift */,
			);
			path = Explore;
			sourceTree = "<group>";
		};
		6AE16501C2CF07B97AF4A405 /* Config */ = {
			isa = PBXGroup;
			children = (
				844AD5AB91E5E82C545D681B /* AppConfig.swift */,
			);
			path = Config;
			sourceTree = "<group>";
		};
		8033C3CAFD3F5EB1D7E84449 /* Services */ = {
			isa = PBXGroup;
			children = (
				8ACBFEE1EE280DD9512714A7 /* APIService.swift */,
				CAE4F423C234AD3DCFD6F557 /* KeychainService.swift */,
				TTS5555666677778888AAAA00 /* TTSService.swift */,
				7CB73DFAC10DD2316D8CD4F4 /* WebSocketService.swift */,
			);
			path = Services;
			sourceTree = "<group>";
		};
		812BC6A95E0AC42CFA24E2D0 /* Room */ = {
			isa = PBXGroup;
			children = (
				F22ECD36D436FC87E8E00B7F /* RoomView.swift */,
				BB2003BD2BDA4FEA224971C1 /* RoomViewModel.swift */,
			);
			path = Room;
			sourceTree = "<group>";
		};
		9C4E035750E173CD592205A8 /* Home */ = {
			isa = PBXGroup;
			children = (
				DD78F34F6E261FFC04576611 /* HomeView.swift */,
				D1918D539CA82CB1E6EDE6A0 /* HomeViewModel.swift */,
			);
			path = Home;
			sourceTree = "<group>";
		};
		CF06A053FAF5EA4602F369CF /* Models */ = {
			isa = PBXGroup;
			children = (
				8DAF22F552A5EA941F38A4F7 /* Models.swift */,
			);
			path = Models;
			sourceTree = "<group>";
		};
/* End PBXGroup section */

/* Begin PBXNativeTarget section */
		E37E9B7B8363C9DF47B81213 /* AIDungeonMaster */ = {
			isa = PBXNativeTarget;
			buildConfigurationList = 21AD4215678A50E2EE9EE47F /* Build configuration list for PBXNativeTarget "AIDungeonMaster" */;
			buildPhases = (
				E9984032FFDA876C74CA641B /* Sources */,
			);
			buildRules = (
			);
			dependencies = (
			);
			name = AIDungeonMaster;
			packageProductDependencies = (
			);
			productName = AIDungeonMaster;
			productReference = 5EF4AEA454F5B14AAF366EC0 /* AIDungeonMaster.app */;
			productType = "com.apple.product-type.application";
		};
/* End PBXNativeTarget section */

/* Begin PBXProject section */
		97DFBED6FA1611CA640960AF /* Project object */ = {
			isa = PBXProject;
			attributes = {
				BuildIndependentTargetsInParallel = YES;
				LastUpgradeCheck = 1540;
				TargetAttributes = {
					E37E9B7B8363C9DF47B81213 = {
						DevelopmentTeam = "";
						ProvisioningStyle = Automatic;
					};
				};
			};
			buildConfigurationList = D17848309E78EC8A7672002F /* Build configuration list for PBXProject "AIDungeonMaster" */;
			developmentRegion = en;
			hasScannedForEncodings = 0;
			knownRegions = (
				Base,
				en,
			);
			mainGroup = 66ED63BFE6AEADAF992E9C56;
			minimizedProjectReferenceProxies = 1;
			preferredProjectObjectVersion = 77;
			productRefGroup = 2A2891C7EE83EEA77DE88C80 /* Products */;
			projectDirPath = "";
			projectRoot = "";
			targets = (
				E37E9B7B8363C9DF47B81213 /* AIDungeonMaster */,
			);
		};
/* End PBXProject section */

/* Begin PBXSourcesBuildPhase section */
		E9984032FFDA876C74CA641B /* Sources */ = {
			isa = PBXSourcesBuildPhase;
			buildActionMask = 2147483647;
			files = (
				0B598706CA114D5EC77B9B93 /* AIDungeonMasterApp.swift in Sources */,
				0EB4AF03FB841423DEFAB222 /* APIService.swift in Sources */,
				884949D8CBC6BD0E1B23E344 /* ActivityView.swift in Sources */,
				068B2EFF9E590FD9EA9F6F26 /* AppConfig.swift in Sources */,
				9F7F8EB7F6C89AE1A1B28311 /* AuthViewModel.swift in Sources */,
				E65EBF26E58D58A14E43D3D7 /* ContentView.swift in Sources */,
				322AF4AC42BDD250DD1CFB05 /* CustomTabBar.swift in Sources */,
				2047DEB69E49EFF93F6881F1 /* ExploreView.swift in Sources */,
				A7870D5B4F9656605C01E5DE /* GameCardView.swift in Sources */,
				4FAE2A6DBC2A0D7DDF9875A4 /* HomeView.swift in Sources */,
				9392A338EA3C9A0101F8B1C2 /* HomeViewModel.swift in Sources */,
				DFA434F2B7385A5CD07845D4 /* KeychainService.swift in Sources */,
				02D5F7507CF5F669D596B4F1 /* LobbyView.swift in Sources */,
				47014C6433DF9D0F1DF4F4FC /* LobbyViewModel.swift in Sources */,
				14C0E96CB536EAC92191A5FD /* LoginView.swift in Sources */,
				2BC398F3A5BEFA55FE98F273 /* MainTabView.swift in Sources */,
				C7EA29A550B8720F53D48D37 /* Models.swift in Sources */,
				817CDEDFEF2C9B022083A462 /* ProfileView.swift in Sources */,
				D1AF50602A41E22E037C39A7 /* ProfileViewModel.swift in Sources */,
				1D5D9F6A0D934A67173876C4 /* RoomView.swift in Sources */,
				9DB543C4638A315A075B5722 /* RoomViewModel.swift in Sources */,
				C28E9237FD44E4D1F7ADEA2F /* SavedView.swift in Sources */,
				224449C26D158DE24DCCFB84 /* SettingsView.swift in Sources */,
				AA001111BBCC2222DDEE3333 /* WaitingRoomView.swift in Sources */,
				AA001111BBCC2222DDEE5555 /* WaitingRoomViewModel.swift in Sources */,
				D902013D34F77A645916F5CB /* TabBarVisibility.swift in Sources */,
				C34DACE679066B27C97ADE87 /* WebSocketService.swift in Sources */,
				TTS0000001111222233334444 /* TTSService.swift in Sources */,
			);
			runOnlyForDeploymentPostprocessing = 0;
		};
/* End PBXSourcesBuildPhase section */

/* Begin XCBuildConfiguration section */
		2798110520AD2E04BA55E3B3 /* Release */ = {
			isa = XCBuildConfiguration;
			buildSettings = {
				ALWAYS_SEARCH_USER_PATHS = NO;
				CLANG_ANALYZER_NONNULL = YES;
				CLANG_ANALYZER_NUMBER_OBJECT_CONVERSION = YES_AGGRESSIVE;
				CLANG_CXX_LANGUAGE_STANDARD = "gnu++14";
				CLANG_CXX_LIBRARY = "libc++";
				CLANG_ENABLE_MODULES = YES;
				CLANG_ENABLE_OBJC_ARC = YES;
				CLANG_ENABLE_OBJC_WEAK = YES;
				CLANG_WARN_BLOCK_CAPTURE_AUTORELEASING = YES;
				CLANG_WARN_BOOL_CONVERSION = YES;
				CLANG_WARN_COMMA = YES;
				CLANG_WARN_CONSTANT_CONVERSION = YES;
				CLANG_WARN_DEPRECATED_OBJC_IMPLEMENTATIONS = YES;
				CLANG_WARN_DIRECT_OBJC_ISA_USAGE = YES_ERROR;
				CLANG_WARN_DOCUMENTATION_COMMENTS = YES;
				CLANG_WARN_EMPTY_BODY = YES;
				CLANG_WARN_ENUM_CONVERSION = YES;
				CLANG_WARN_INFINITE_RECURSION = YES;
				CLANG_WARN_INT_CONVERSION = YES;
				CLANG_WARN_NON_LITERAL_NULL_CONVERSION = YES;
				CLANG_WARN_OBJC_IMPLICIT_RETAIN_SELF = YES;
				CLANG_WARN_OBJC_LITERAL_CONVERSION = YES;
				CLANG_WARN_OBJC_ROOT_CLASS = YES_ERROR;
				CLANG_WARN_QUOTED_INCLUDE_IN_FRAMEWORK_HEADER = YES;
				CLANG_WARN_RANGE_LOOP_ANALYSIS = YES;
				CLANG_WARN_STRICT_PROTOTYPES = YES;
				CLANG_WARN_SUSPICIOUS_MOVE = YES;
				CLANG_WARN_UNGUARDED_AVAILABILITY = YES_AGGRESSIVE;
				CLANG_WARN_UNREACHABLE_CODE = YES;
				CLANG_WARN__DUPLICATE_METHOD_MATCH = YES;
				COPY_PHASE_STRIP = NO;
				DEBUG_INFORMATION_FORMAT = "dwarf-with-dsym";
				ENABLE_NS_ASSERTIONS = NO;
				ENABLE_STRICT_OBJC_MSGSEND = YES;
				GCC_C_LANGUAGE_STANDARD = gnu11;
				GCC_NO_COMMON_BLOCKS = YES;
				GCC_WARN_64_TO_32_BIT_CONVERSION = YES;
				GCC_WARN_ABOUT_RETURN_TYPE = YES_ERROR;
				GCC_WARN_UNDECLARED_SELECTOR = YES;
				GCC_WARN_UNINITIALIZED_AUTOS = YES_AGGRESSIVE;
				GCC_WARN_UNUSED_FUNCTION = YES;
				GCC_WARN_UNUSED_VARIABLE = YES;
				IPHONEOS_DEPLOYMENT_TARGET = 16.0;
				MTL_ENABLE_DEBUG_INFO = NO;
				MTL_FAST_MATH = YES;
				PRODUCT_NAME = "$(TARGET_NAME)";
				SDKROOT = iphoneos;
				SWIFT_COMPILATION_MODE = wholemodule;
				SWIFT_OPTIMIZATION_LEVEL = "-O";
				SWIFT_VERSION = 5.0;
			};
			name = Release;
		};
		7904DD48928B3C2D6878D090 /* Release */ = {
			isa = XCBuildConfiguration;
			buildSettings = {
				ASSETCATALOG_COMPILER_APPICON_NAME = AppIcon;
				CODE_SIGNING_ALLOWED = NO;
				CODE_SIGNING_REQUIRED = NO;
				CODE_SIGN_ENTITLEMENTS = AIDungeonMaster/AIDungeonMaster.entitlements;
				CODE_SIGN_IDENTITY = "iPhone Developer";
				CODE_SIGN_STYLE = Automatic;
				DEVELOPMENT_TEAM = "";
				INFOPLIST_FILE = AIDungeonMaster/Info.plist;
				IPHONEOS_DEPLOYMENT_TARGET = 16.0;
				LD_RUNPATH_SEARCH_PATHS = (
					"$(inherited)",
					"@executable_path/Frameworks",
				);
				PRODUCT_BUNDLE_IDENTIFIER = com.aidm.AIDungeonMaster;
				SDKROOT = iphoneos;
				SWIFT_VERSION = 5.9;
				TARGETED_DEVICE_FAMILY = "1,2";
			};
			name = Release;
		};
		87FDF0AA885A73ED4CA1745B /* Debug */ = {
			isa = XCBuildConfiguration;
			buildSettings = {
				ALWAYS_SEARCH_USER_PATHS = NO;
				CLANG_ANALYZER_NONNULL = YES;
				CLANG_ANALYZER_NUMBER_OBJECT_CONVERSION = YES_AGGRESSIVE;
				CLANG_CXX_LANGUAGE_STANDARD = "gnu++14";
				CLANG_CXX_LIBRARY = "libc++";
				CLANG_ENABLE_MODULES = YES;
				CLANG_ENABLE_OBJC_ARC = YES;
				CLANG_ENABLE_OBJC_WEAK = YES;
				CLANG_WARN_BLOCK_CAPTURE_AUTORELEASING = YES;
				CLANG_WARN_BOOL_CONVERSION = YES;
				CLANG_WARN_COMMA = YES;
				CLANG_WARN_CONSTANT_CONVERSION = YES;
				CLANG_WARN_DEPRECATED_OBJC_IMPLEMENTATIONS = YES;
				CLANG_WARN_DIRECT_OBJC_ISA_USAGE = YES_ERROR;
				CLANG_WARN_DOCUMENTATION_COMMENTS = YES;
				CLANG_WARN_EMPTY_BODY = YES;
				CLANG_WARN_ENUM_CONVERSION = YES;
				CLANG_WARN_INFINITE_RECURSION = YES;
				CLANG_WARN_INT_CONVERSION = YES;
				CLANG_WARN_NON_LITERAL_NULL_CONVERSION = YES;
				CLANG_WARN_OBJC_IMPLICIT_RETAIN_SELF = YES;
				CLANG_WARN_OBJC_LITERAL_CONVERSION = YES;
				CLANG_WARN_OBJC_ROOT_CLASS = YES_ERROR;
				CLANG_WARN_QUOTED_INCLUDE_IN_FRAMEWORK_HEADER = YES;
				CLANG_WARN_RANGE_LOOP_ANALYSIS = YES;
				CLANG_WARN_STRICT_PROTOTYPES = YES;
				CLANG_WARN_SUSPICIOUS_MOVE = YES;
				CLANG_WARN_UNGUARDED_AVAILABILITY = YES_AGGRESSIVE;
				CLANG_WARN_UNREACHABLE_CODE = YES;
				CLANG_WARN__DUPLICATE_METHOD_MATCH = YES;
				COPY_PHASE_STRIP = NO;
				DEBUG_INFORMATION_FORMAT = dwarf;
				ENABLE_STRICT_OBJC_MSGSEND = YES;
				ENABLE_TESTABILITY = YES;
				GCC_C_LANGUAGE_STANDARD = gnu11;
				GCC_DYNAMIC_NO_PIC = NO;
				GCC_NO_COMMON_BLOCKS = YES;
				GCC_OPTIMIZATION_LEVEL = 0;
				GCC_PREPROCESSOR_DEFINITIONS = (
					"$(inherited)",
					"DEBUG=1",
				);
				GCC_WARN_64_TO_32_BIT_CONVERSION = YES;
				GCC_WARN_ABOUT_RETURN_TYPE = YES_ERROR;
				GCC_WARN_UNDECLARED_SELECTOR = YES;
				GCC_WARN_UNINITIALIZED_AUTOS = YES_AGGRESSIVE;
				GCC_WARN_UNUSED_FUNCTION = YES;
				GCC_WARN_UNUSED_VARIABLE = YES;
				IPHONEOS_DEPLOYMENT_TARGET = 16.0;
				MTL_ENABLE_DEBUG_INFO = INCLUDE_SOURCE;
				MTL_FAST_MATH = YES;
				ONLY_ACTIVE_ARCH = YES;
				PRODUCT_NAME = "$(TARGET_NAME)";
				SDKROOT = iphoneos;
				SWIFT_ACTIVE_COMPILATION_CONDITIONS = DEBUG;
				SWIFT_OPTIMIZATION_LEVEL = "-Onone";
				SWIFT_VERSION = 5.0;
			};
			name = Debug;
		};
		E454DA0D1CE626190757FD04 /* Debug */ = {
			isa = XCBuildConfiguration;
			buildSettings = {
				ASSETCATALOG_COMPILER_APPICON_NAME = AppIcon;
				CODE_SIGNING_ALLOWED = NO;
				CODE_SIGNING_REQUIRED = NO;
				CODE_SIGN_ENTITLEMENTS = AIDungeonMaster/AIDungeonMaster.entitlements;
				CODE_SIGN_IDENTITY = "iPhone Developer";
				CODE_SIGN_STYLE = Automatic;
				DEVELOPMENT_TEAM = "";
				INFOPLIST_FILE = AIDungeonMaster/Info.plist;
				IPHONEOS_DEPLOYMENT_TARGET = 16.0;
				LD_RUNPATH_SEARCH_PATHS = (
					"$(inherited)",
					"@executable_path/Frameworks",
				);
				PRODUCT_BUNDLE_IDENTIFIER = com.aidm.AIDungeonMaster;
				SDKROOT = iphoneos;
				SWIFT_VERSION = 5.9;
				TARGETED_DEVICE_FAMILY = "1,2";
			};
			name = Debug;
		};
/* End XCBuildConfiguration section */

/* Begin XCConfigurationList section */
		21AD4215678A50E2EE9EE47F /* Build configuration list for PBXNativeTarget "AIDungeonMaster" */ = {
			isa = XCConfigurationList;
			buildConfigurations = (
				E454DA0D1CE626190757FD04 /* Debug */,
				7904DD48928B3C2D6878D090 /* Release */,
			);
			defaultConfigurationIsVisible = 0;
			defaultConfigurationName = Debug;
		};
		D17848309E78EC8A7672002F /* Build configuration list for PBXProject "AIDungeonMaster" */ = {
			isa = XCConfigurationList;
			buildConfigurations = (
				87FDF0AA885A73ED4CA1745B /* Debug */,
				2798110520AD2E04BA55E3B3 /* Release */,
			);
			defaultConfigurationIsVisible = 0;
			defaultConfigurationName = Debug;
		};
/* End XCConfigurationList section */
	};
	rootObject = 97DFBED6FA1611CA640960AF /* Project object */;
}
